// !$*UTF8*$!
{
	archiveVersion = 1;
	classes = {
	};
	objectVersion = 46;
	objects = {

/* Begin PBXBuildFile section */
		C98178351B9033C400A52BC7 /* main.m in Sources */ = {isa = PBXBuildFile; fileRef = C98178341B9033C400A52BC7 /* main.m */; };
		C98178381B9033C400A52BC7 /* AppDelegate.m in Sources */ = {isa = PBXBuildFile; fileRef = C98178371B9033C400A52BC7 /* AppDelegate.m */; };
		C981783B1B9033C400A52BC7 /* ViewController.m in Sources */ = {isa = PBXBuildFile; fileRef = C981783A1B9033C400A52BC7 /* ViewController.m */; };
		C981783E1B9033C400A52BC7 /* Main.storyboard in Resources */ = {isa = PBXBuildFile; fileRef = C981783C1B9033C400A52BC7 /* Main.storyboard */; };
		C98178401B9033C400A52BC7 /* Images.xcassets in Resources */ = {isa = PBXBuildFile; fileRef = C981783F1B9033C400A52BC7 /* Images.xcassets */; };
		C98178431B9033C400A52BC7 /* LaunchScreen.xib in Resources */ = {isa = PBXBuildFile; fileRef = C98178411B9033C400A52BC7 /* LaunchScreen.xib */; };
		C981784F1B9033C400A52BC7 /* KayboardDemoTests.m in Sources */ = {isa = PBXBuildFile; fileRef = C981784E1B9033C400A52BC7 /* KayboardDemoTests.m */; };
/* End PBXBuildFile section */

/* Begin PBXContainerItemProxy section */
		C98178491B9033C400A52BC7 /* PBXContainerItemProxy */ = {
			isa = PBXContainerItemProxy;
			containerPortal = C98178271B9033C400A52BC7 /* Project object */;
			proxyType = 1;
			remoteGlobalIDString = C981782E1B9033C400A52BC7;
			remoteInfo = KayboardDemo;
		};
/* End PBXContainerItemProxy section */

/* Begin PBXFileReference section */
		C981782F1B9033C400A52BC7 /* KayboardDemo.app */ = {isa = PBXFileReference; explicitFileType = wrapper.application; includeInIndex = 0; path = KayboardDemo.app; sourceTree = BUILT_PRODUCTS_DIR; };
		C98178331B9033C400A52BC7 /* Info.plist */ = {isa = PBXFileReference; lastKnownFileType = text.plist.xml; path = Info.plist; sourceTree = "<group>"; };
		C98178341B9033C400A52BC7 /* main.m */ = {isa = PBXFileReference; lastKnownFileType = sourcecode.c.objc; path = main.m; sourceTree = "<group>"; };
		C98178361B9033C400A52BC7 /* AppDelegate.h */ = {isa = PBXFileReference; lastKnownFileType = sourcecode.c.h; path = AppDelegate.h; sourceTree = "<group>"; };
		C98178371B9033C400A52BC7 /* AppDelegate.m */ = {isa = PBXFileReference; lastKnownFileType = sourcecode.c.objc; path = AppDelegate.m; sourceTree = "<group>"; };
		C98178391B9033C400A52BC7 /* ViewController.h */ = {isa = PBXFileReference; lastKnownFileType = sourcecode.c.h; path = ViewController.h; sourceTree = "<group>"; };
		C981783A1B9033C400A52BC7 /* ViewController.m */ = {isa = PBXFileReference; lastKnownFileType = sourcecode.c.objc; path = ViewController.m; sourceTree = "<group>"; };
		C981783D1B9033C400A52BC7 /* Base */ = {isa = PBXFileReference; lastKnownFileType = file.storyboard; name = Base; path = Base.lproj/Main.storyboard; sourceTree = "<group>"; };
		C981783F1B9033C400A52BC7 /* Images.xcassets */ = {isa = PBXFileReference; lastKnownFileType = folder.assetcatalog; path = Images.xcassets; sourceTree = "<group>"; };
		C98178421B9033C400A52BC7 /* Base */ = {isa = PBXFileReference; lastKnownFileType = file.xib; name = Base; path = Base.lproj/LaunchScreen.xib; sourceTree = "<group>"; };
		C98178481B9033C400A52BC7 /* KayboardDemoTests.xctest */ = {isa = PBXFileReference; explicitFileType = wrapper.cfbundle; includeInIndex = 0; path = KayboardDemoTests.xctest; sourceTree = BUILT_PRODUCTS_DIR; };
		C981784D1B9033C400A52BC7 /* Info.plist */ = {isa = PBXFileReference; lastKnownFileType = text.plist.xml; path = Info.plist; sourceTree = "<group>"; };
		C981784E1B9033C400A52BC7 /* KayboardDemoTests.m */ = {isa = PBXFileReference; lastKnownFileType = sourcecode.c.objc; path = KayboardDemoTests.m; sourceTree = "<group>"; };
/* End PBXFileReference section */

/* Begin PBXFrameworksBuildPhase section */
		C981782C1B9033C400A52BC7 /* Frameworks */ = {
			isa = PBXFrameworksBuildPhase;
			buildActionMask = 2147483647;
			files = (
			);
			runOnlyForDeploymentPostprocessing = 0;
		};
		C98178451B9033C400A52BC7 /* Frameworks */ = {
			isa = PBXFrameworksBuildPhase;
			buildActionMask = 2147483647;
			files = (
			);
			runOnlyForDeploymentPostprocessing = 0;
		};
/* End PBXFrameworksBuildPhase section */

/* Begin PBXGroup section */
		C98178261B9033C400A52BC7 = {
			isa = PBXGroup;
			children = (
				C98178311B9033C400A52BC7 /* KayboardDemo */,
				C981784B1B9033C400A52BC7 /* KayboardDemoTests */,
				C98178301B9033C400A52BC7 /* Products */,
			);
			sourceTree = "<group>";
		};
		C98178301B9033C400A52BC7 /* Products */ = {
			isa = PBXGroup;
			children = (
				C981782F1B9033C400A52BC7 /* KayboardDemo.app */,
				C98178481B9033C400A52BC7 /* KayboardDemoTests.xctest */,
			);
			name = Products;
			sourceTree = "<group>";
		};
		C98178311B9033C400A52BC7 /* KayboardDemo */ = {
			isa = PBXGroup;
			children = (
				C98178361B9033C400A52BC7 /* AppDelegate.h */,
				C98178371B9033C400A52BC7 /* AppDelegate.m */,
				C98178391B9033C400A52BC7 /* ViewController.h */,
				C981783A1B9033C400A52BC7 /* ViewController.m */,
				C981783C1B9033C400A52BC7 /* Main.storyboard */,
				C981783F1B9033C400A52BC7 /* Images.xcassets */,
				C98178411B9033C400A52BC7 /* LaunchScreen.xib */,
				C98178321B9033C400A52BC7 /* Supporting Files */,
			);
			path = KayboardDemo;
			sourceTree = "<group>";
		};
		C98178321B9033C400A52BC7 /* Supporting Files */ = {
			isa = PBXGroup;
			children = (
				C98178331B9033C400A52BC7 /* Info.plist */,
				C98178341B9033C400A52BC7 /* main.m */,
			);
			name = "Supporting Files";
			sourceTree = "<group>";
		};
		C981784B1B9033C400A52BC7 /* KayboardDemoTests */ = {
			isa = PBXGroup;
			children = (
				C981784E1B9033C400A52BC7 /* KayboardDemoTests.m */,
				C981784C1B9033C400A52BC7 /* Supporting Files */,
			);
			path = KayboardDemoTests;
			sourceTree = "<group>";
		};
		C981784C1B9033C400A52BC7 /* Supporting Files */ = {
			isa = PBXGroup;
			children = (
				C981784D1B9033C400A52BC7 /* Info.plist */,
			);
			name = "Supporting Files";
			sourceTree = "<group>";
		};
/* End PBXGroup section */

/* Begin PBXNativeTarget section */
		C981782E1B9033C400A52BC7 /* KayboardDemo */ = {
			isa = PBXNativeTarget;
			buildConfigurationList = C98178521B9033C400A52BC7 /* Build configuration list for PBXNativeTarget "KayboardDemo" */;
			buildPhases = (
				C981782B1B9033C400A52BC7 /* Sources */,
				C981782C1B9033C400A52BC7 /* Frameworks */,
				C981782D1B9033C400A52BC7 /* Resources */,
			);
			buildRules = (
			);
			dependencies = (
			);
			name = KayboardDemo;
			productName = KayboardDemo;
			productReference = C981782F1B9033C400A52BC7 /* KayboardDemo.app */;
			productType = "com.apple.product-type.application";
		};
		C98178471B9033C400A52BC7 /* KayboardDemoTests */ = {
			isa = PBXNativeTarget;
			buildConfigurationList = C98178551B9033C400A52BC7 /* Build configuration list for PBXNativeTarget "KayboardDemoTests" */;
			buildPhases = (
				C98178441B9033C400A52BC7 /* Sources */,
				C98178451B9033C400A52BC7 /* Frameworks */,
				C98178461B9033C400A52BC7 /* Resources */,
			);
			buildRules = (
			);
			dependencies = (
				C981784A1B9033C400A52BC7 /* PBXTargetDependency */,
			);
			name = KayboardDemoTests;
			productName = KayboardDemoTests;
			productReference = C98178481B9033C400A52BC7 /* KayboardDemoTests.xctest */;
			productType = "com.apple.product-type.bundle.unit-test";
		};
/* End PBXNativeTarget section */

/* Begin PBXProject section */
		C98178271B9033C400A52BC7 /* Project object */ = {
			isa = PBXProject;
			attributes = {
				LastUpgradeCheck = 0640;
				ORGANIZATIONNAME = Hitarth;
				TargetAttributes = {
					C981782E1B9033C400A52BC7 = {
						CreatedOnToolsVersion = 6.4;
					};
					C98178471B9033C400A52BC7 = {
						CreatedOnToolsVersion = 6.4;
						TestTargetID = C981782E1B9033C400A52BC7;
					};
				};
			};
			buildConfigurationList = C981782A1B9033C400A52BC7 /* Build configuration list for PBXProject "KayboardDemo" */;
			compatibilityVersion = "Xcode 3.2";
			developmentRegion = English;
			hasScannedForEncodings = 0;
			knownRegions = (
				en,
				Base,
			);
			mainGroup = C98178261B9033C400A52BC7;
			productRefGroup = C98178301B9033C400A52BC7 /* Products */;
			projectDirPath = "";
			projectRoot = "";
			targets = (
				C981782E1B9033C400A52BC7 /* KayboardDemo */,
				C98178471B9033C400A52BC7 /* KayboardDemoTests */,
			);
		};
/* End PBXProject section */

/* Begin PBXResourcesBuildPhase section */
		C981782D1B9033C400A52BC7 /* Resources */ = {
			isa = PBXResourcesBuildPhase;
			buildActionMask = 2147483647;
			files = (
				C981783E1B9033C400A52BC7 /* Main.storyboard in Resources */,
				C98178431B9033C400A52BC7 /* LaunchScreen.xib in Resources */,
				C98178401B9033C400A52BC7 /* Images.xcassets in Resources */,
			);
			runOnlyForDeploymentPostprocessing = 0;
		};
		C98178461B9033C400A52BC7 /* Resources */ = {
			isa = PBXResourcesBuildPhase;
			buildActionMask = 2147483647;
			files = (
			);
			runOnlyForDeploymentPostprocessing = 0;
		};
/* End PBXResourcesBuildPhase section */

/* Begin PBXSourcesBuildPhase section */
		C981782B1B9033C400A52BC7 /* Sources */ = {
			isa = PBXSourcesBuildPhase;
			buildActionMask = 2147483647;
			files = (
				C981783B1B9033C400A52BC7 /* ViewController.m in Sources */,
				C98178381B9033C400A52BC7 /* AppDelegate.m in Sources */,
				C98178351B9033C400A52BC7 /* main.m in Sources */,
			);
			runOnlyForDeploymentPostprocessing = 0;
		};
		C98178441B9033C400A52BC7 /* Sources */ = {
			isa = PBXSourcesBuildPhase;
			buildActionMask = 2147483647;
			files = (
				C981784F1B9033C400A52BC7 /* KayboardDemoTests.m in Sources */,
			);
			runOnlyForDeploymentPostprocessing = 0;
		};
/* End PBXSourcesBuildPhase section */

/* Begin PBXTargetDependency section */
		C981784A1B9033C400A52BC7 /* PBXTargetDependency */ = {
			isa = PBXTargetDependency;
			target = C981782E1B9033C400A52BC7 /* KayboardDemo */;
			targetProxy = C98178491B9033C400A52BC7 /* PBXContainerItemProxy */;
		};
/* End PBXTargetDependency section */

/* Begin PBXVariantGroup section */
		C981783C1B9033C400A52BC7 /* Main.storyboard */ = {
			isa = PBXVariantGroup;
			children = (
				C981783D1B9033C400A52BC7 /* Base */,
			);
			name = Main.storyboard;
			sourceTree = "<group>";
		};
		C98178411B9033C400A52BC7 /* LaunchScreen.xib */ = {
			isa = PBXVariantGroup;
			children = (
				C98178421B9033C400A52BC7 /* Base */,
			);
			name = LaunchScreen.xib;
			sourceTree = "<group>";
		};
/* End PBXVariantGroup section */

/* Begin XCBuildConfiguration section */
		C98178501B9033C400A52BC7 /* Debug */ = {
			isa = XCBuildConfiguration;
			buildSettings = {
				ALWAYS_SEARCH_USER_PATHS = NO;
				CLANG_CXX_LANGUAGE_STANDARD = "gnu++0x";
				CLANG_CXX_LIBRARY = "libc++";
				CLANG_ENABLE_MODULES = YES;
				CLANG_ENABLE_OBJC_ARC = YES;
				CLANG_WARN_BOOL_CONVERSION = YES;
				CLANG_WARN_CONSTANT_CONVERSION = YES;
				CLANG_WARN_DIRECT_OBJC_ISA_USAGE = YES_ERROR;
				CLANG_WARN_EMPTY_BODY = YES;
				CLANG_WARN_ENUM_CONVERSION = YES;
				CLANG_WARN_INT_CONVERSION = YES;
				CLANG_WARN_OBJC_ROOT_CLASS = YES_ERROR;
				CLANG_WARN_UNREACHABLE_CODE = YES;
				CLANG_WARN__DUPLICATE_METHOD_MATCH = YES;
				"CODE_SIGN_IDENTITY[sdk=iphoneos*]" = "iPhone Developer";
				COPY_PHASE_STRIP = NO;
				DEBUG_INFORMATION_FORMAT = "dwarf-with-dsym";
				ENABLE_STRICT_OBJC_MSGSEND = YES;
				GCC_C_LANGUAGE_STANDARD = gnu99;
				GCC_DYNAMIC_NO_PIC = NO;
				GCC_NO_COMMON_BLOCKS = YES;
				GCC_OPTIMIZATION_LEVEL = 0;
				GCC_PREPROCESSOR_DEFINITIONS = (
					"DEBUG=1",
					"$(inherited)",
				);
				GCC_SYMBOLS_PRIVATE_EXTERN = NO;
				GCC_WARN_64_TO_32_BIT_CONVERSION = YES;
				GCC_WARN_ABOUT_RETURN_TYPE = YES_ERROR;
				GCC_WARN_UNDECLARED_SELECTOR = YES;
				GCC_WARN_UNINITIALIZED_AUTOS = YES_AGGRESSIVE;
				GCC_WARN_UNUSED_FUNCTION = YES;
				GCC_WARN_UNUSED_VARIABLE = YES;
				IPHONEOS_DEPLOYMENT_TARGET = 8.4;
				MTL_ENABLE_DEBUG_INFO = YES;
				ONLY_ACTIVE_ARCH = YES;
				SDKROOT = iphoneos;
			};
			name = Debug;
		};
		C98178511B9033C400A52BC7 /* Release */ = {
			isa = XCBuildConfiguration;
			buildSettings = {
				ALWAYS_SEARCH_USER_PATHS = NO;
				CLANG_CXX_LANGUAGE_STANDARD = "gnu++0x";
				CLANG_CXX_LIBRARY = "libc++";
				CLANG_ENABLE_MODULES = YES;
				CLANG_ENABLE_OBJC_ARC = YES;
				CLANG_WARN_BOOL_CONVERSION = YES;
				CLANG_WARN_CONSTANT_CONVERSION = YES;
				CLANG_WARN_DIRECT_OBJC_ISA_USAGE = YES_ERROR;
				CLANG_WARN_EMPTY_BODY = YES;
				CLANG_WARN_ENUM_CONVERSION = YES;
				CLANG_WARN_INT_CONVERSION = YES;
				CLANG_WARN_OBJC_ROOT_CLASS = YES_ERROR;
				CLANG_WARN_UNREACHABLE_CODE = YES;
				CLANG_WARN__DUPLICATE_METHOD_MATCH = YES;
				"CODE_SIGN_IDENTITY[sdk=iphoneos*]" = "iPhone Developer";
				COPY_PHASE_STRIP = NO;
				DEBUG_INFORMATION_FORMAT = "dwarf-with-dsym";
				ENABLE_NS_ASSERTIONS = NO;
				ENABLE_STRICT_OBJC_MSGSEND = YES;
				GCC_C_LANGUAGE_STANDARD = gnu99;
				GCC_NO_COMMON_BLOCKS = YES;
				GCC_WARN_64_TO_32_BIT_CONVERSION = YES;
				GCC_WARN_ABOUT_RETURN_TYPE = YES_ERROR;
				GCC_WARN_UNDECLARED_SELECTOR = YES;
				GCC_WARN_UNINITIALIZED_AUTOS = YES_AGGRESSIVE;
				GCC_WARN_UNUSED_FUNCTION = YES;
				GCC_WARN_UNUSED_VARIABLE = YES;
				IPHONEOS_DEPLOYMENT_TARGET = 8.4;
				MTL_ENABLE_DEBUG_INFO = NO;
				SDKROOT = iphoneos;
				VALIDATE_PRODUCT = YES;
			};
			name = Release;
		};
		C98178531B9033C400A52BC7 /* Debug */ = {
			isa = XCBuildConfiguration;
			buildSettings = {
				ASSETCATALOG_COMPILER_APPICON_NAME = AppIcon;
				INFOPLIST_FILE = KayboardDemo/Info.plist;
				LD_RUNPATH_SEARCH_PATHS = "$(inherited) @executable_path/Frameworks";
				PRODUCT_NAME = "$(TARGET_NAME)";
			};
			name = Debug;
		};
		C98178541B9033C400A52BC7 /* Release */ = {
			isa = XCBuildConfiguration;
			buildSettings = {
				ASSETCATALOG_COMPILER_APPICON_NAME = AppIcon;
				INFOPLIST_FILE = KayboardDemo/Info.plist;
				LD_RUNPATH_SEARCH_PATHS = "$(inherited) @executable_path/Frameworks";
				PRODUCT_NAME = "$(TARGET_NAME)";
			};
			name = Release;
		};
		C98178561B9033C400A52BC7 /* Debug */ = {
			isa = XCBuildConfiguration;
			buildSettings = {
				BUNDLE_LOADER = "$(TEST_HOST)";
				FRAMEWORK_SEARCH_PATHS = (
					"$(SDKROOT)/Developer/Library/Frameworks",
					"$(inherited)",
				);
				GCC_PREPROCESSOR_DEFINITIONS = (
					"DEBUG=1",
					"$(inherited)",
				);
				INFOPLIST_FILE = KayboardDemoTests/Info.plist;
				LD_RUNPATH_SEARCH_PATHS = "$(inherited) @executable_path/Frameworks @loader_path/Frameworks";
				PRODUCT_NAME = "$(TARGET_NAME)";
				TEST_HOST = "$(BUILT_PRODUCTS_DIR)/KayboardDemo.app/KayboardDemo";
			};
			name = Debug;
		};
		C98178571B9033C400A52BC7 /* Release */ = {
			isa = XCBuildConfiguration;
			buildSettings = {
				BUNDLE_LOADER = "$(TEST_HOST)";
				FRAMEWORK_SEARCH_PATHS = (
					"$(SDKROOT)/Developer/Library/Frameworks",
					"$(inherited)",
				);
				INFOPLIST_FILE = KayboardDemoTests/Info.plist;
				LD_RUNPATH_SEARCH_PATHS = "$(inherited) @executable_path/Frameworks @loader_path/Frameworks";
				PRODUCT_NAME = "$(TARGET_NAME)";
				TEST_HOST = "$(BUILT_PRODUCTS_DIR)/KayboardDemo.app/KayboardDemo";
			};
			name = Release;
		};
/* End XCBuildConfiguration section */

/* Begin XCConfigurationList section */
		C981782A1B9033C400A52BC7 /* Build configuration list for PBXProject "KayboardDemo" */ = {
			isa = XCConfigurationList;
			buildConfigurations = (
				C98178501B9033C400A52BC7 /* Debug */,
				C98178511B9033C400A52BC7 /* Release */,
			);
			defaultConfigurationIsVisible = 0;
			defaultConfigurationName = Release;
		};
		C98178521B9033C400A52BC7 /* Build configuration list for PBXNativeTarget "KayboardDemo" */ = {
			isa = XCConfigurationList;
			buildConfigurations = (
				C98178531B9033C400A52BC7 /* Debug */,
				C98178541B9033C400A52BC7 /* Release */,
			);
			defaultConfigurationIsVisible = 0;
		};
		C98178551B9033C400A52BC7 /* Build configuration list for PBXNativeTarget "KayboardDemoTests" */ = {
			isa = XCConfigurationList;
			buildConfigurations = (
				C98178561B9033C400A52BC7 /* Debug */,
				C98178571B9033C400A52BC7 /* Release */,
			);
			defaultConfigurationIsVisible = 0;
		};
/* End XCConfigurationList section */
	};
	rootObject = C98178271B9033C400A52BC7 /* Project object */;
}
